<?xml version="1.0" encoding="utf-8"?>
<Project ToolsVersion="4.0" xmlns="http://schemas.microsoft.com/developer/msbuild/2003">
  <ItemGroup>
    <ClCompile Include="..\Classes\AppDelegate.cpp" />
    <ClCompile Include="..\Classes\Dungeon.cpp" />
    <ClCompile Include="..\Classes\Hero.cpp" />
    <ClCompile Include="..\Classes\HeroControl.cpp" />
    <ClCompile Include="..\Classes\HeroUnit.cpp" />
    <ClCompile Include="..\Classes\IntroBg.cpp" />
    <ClCompile Include="..\Classes\IntroScene.cpp" />
    <ClCompile Include="..\Classes\IntroUI.cpp" />
    <ClCompile Include="..\Classes\MapMindForestBg.cpp" />
    <ClCompile Include="..\Classes\MapMindForestScene.cpp" />
    <ClCompile Include="..\Classes\MapMindForestUI.cpp" />
    <ClCompile Include="..\Classes\MindForest_Stage1.cpp" />
    <ClCompile Include="..\Classes\MindForest_Stage2.cpp" />
    <ClCompile Include="..\Classes\MindForest_Stage3.cpp" />
    <ClCompile Include="..\Classes\MissileCollision.cpp" />
    <ClCompile Include="..\Classes\Monster.cpp" />
    <ClCompile Include="..\Classes\ServiceScene.cpp" />
    <ClCompile Include="..\Classes\Shop.cpp" />
    <ClCompile Include="..\Classes\ShopScene.cpp" />
    <ClCompile Include="..\Classes\Unit.cpp" />
    <ClCompile Include="..\Classes\UpgradeScene.cpp" />
    <ClCompile Include="main.cpp" />
    <ClCompile Include="..\Classes\MapMindForest.cpp" />
  </ItemGroup>
  <ItemGroup>
    <ClInclude Include="..\Classes\AppDelegate.h" />
    <ClInclude Include="..\Classes\cocos_framework.h" />
    <ClInclude Include="..\Classes\Dungeon.h" />
    <ClInclude Include="..\Classes\Hero.h" />
    <ClInclude Include="..\Classes\HeroControl.h" />
    <ClInclude Include="..\Classes\HeroUnit.h" />
    <ClInclude Include="..\Classes\IntroBg.h" />
    <ClInclude Include="..\Classes\IntroScene.h" />
    <ClInclude Include="..\Classes\IntroUI.h" />
    <ClInclude Include="..\Classes\MapMindForestBg.h" />
    <ClInclude Include="..\Classes\MapMindForestScene.h" />
    <ClInclude Include="..\Classes\MapMindForestUI.h" />
    <ClInclude Include="..\Classes\MindForest_Stage1.h" />
    <ClInclude Include="..\Classes\MindForest_Stage2.h" />
    <ClInclude Include="..\Classes\MindForest_Stage3.h" />
    <ClInclude Include="..\Classes\MissileCollision.h" />
    <ClInclude Include="..\Classes\Monster.h" />
    <ClInclude Include="..\Classes\ServiceScene.h" />
    <ClInclude Include="..\Classes\Shop.h" />
    <ClInclude Include="..\Classes\ShopScene.h" />
    <ClInclude Include="..\Classes\Unit.h" />
    <ClInclude Include="..\Classes\UpgradeScene.h" />
    <ClInclude Include="main.h" />
    <ClInclude Include="..\Classes\MapMindForest.h" />
  </ItemGroup>
  <ItemGroup>
    <ResourceCompile Include="game.rc" />
  </ItemGroup>
</Project>